
Microsoft Visual Studio Solution File, Format Version 12.00
# Visual Studio Version 16
VisualStudioVersion = 16.0.31005.135
MinimumVisualStudioVersion = 10.0.40219.1
Project("{FAE04EC0-301F-11D3-BF4B-00C04F79EFBC}") = "DynamicSpriteFontExample.WindowsDX", "DynamicSpriteFontExample.WindowsDX\DynamicSpriteFontExample.WindowsDX.csproj", "{1B2E4E50-9220-4D29-B768-6C2C4B6561DB}"
EndProject
Project("{D954291E-2A0B-460D-934E-DC6B0785DB48}") = "DynamicSpriteFontExample.SharedProject", "DynamicSpriteFontExample.SharedProject\DynamicSpriteFontExample.SharedProject.shproj", "{FE13C87F-7A2F-47AE-BCF9-2B80B67822B9}"
EndProject
Project("{FAE04EC0-301F-11D3-BF4B-00C04F79EFBC}") = "DynamicSpriteFontExample.Android", "DynamicSpriteFontExample.Android\DynamicSpriteFontExample.Android.csproj", "{BBEFDFE1-9A80-4619-B93B-8EF810CCBF79}"
EndProject
Project("{FAE04EC0-301F-11D3-BF4B-00C04F79EFBC}") = "DynamicSpriteFontExample.iOS", "SpriteFontPlusExample.iOS\DynamicSpriteFontExample.iOS.csproj", "{F611E58D-4320-4839-B5E3-4040C41D4ABC}"
EndProject
Global
	GlobalSection(SharedMSBuildProjectFiles) = preSolution
		DynamicSpriteFontExample.SharedProject\DynamicSpriteFontExample.SharedProject.projitems*{1b2e4e50-9220-4d29-b768-6c2c4b6561db}*SharedItemsImports = 4
		DynamicSpriteFontExample.SharedProject\DynamicSpriteFontExample.SharedProject.projitems*{bbefdfe1-9a80-4619-b93b-8ef810ccbf79}*SharedItemsImports = 4
		DynamicSpriteFontExample.SharedProject\DynamicSpriteFontExample.SharedProject.projitems*{f611e58d-4320-4839-b5e3-4040c41d4abc}*SharedItemsImports = 4
		DynamicSpriteFontExample.SharedProject\DynamicSpriteFontExample.SharedProject.projitems*{fe13c87f-7a2f-47ae-bcf9-2b80b67822b9}*SharedItemsImports = 13
	EndGlobalSection
	GlobalSection(SolutionConfigurationPlatforms) = preSolution
		Ad-Hoc|Any CPU = Ad-Hoc|Any CPU
		Ad-Hoc|iPhone = Ad-Hoc|iPhone
		Ad-Hoc|iPhoneSimulator = Ad-Hoc|iPhoneSimulator
		Ad-Hoc|x86 = Ad-Hoc|x86
		AppStore|Any CPU = AppStore|Any CPU
		AppStore|iPhone = AppStore|iPhone
		AppStore|iPhoneSimulator = AppStore|iPhoneSimulator
		AppStore|x86 = AppStore|x86
		Debug|Any CPU = Debug|Any CPU
		Debug|iPhone = Debug|iPhone
		Debug|iPhoneSimulator = Debug|iPhoneSimulator
		Debug|x86 = Debug|x86
		Release|Any CPU = Release|Any CPU
		Release|iPhone = Release|iPhone
		Release|iPhoneSimulator = Release|iPhoneSimulator
		Release|x86 = Release|x86
	EndGlobalSection
	GlobalSection(ProjectConfigurationPlatforms) = postSolution
		{1B2E4E50-9220-4D29-B768-6C2C4B6561DB}.Ad-Hoc|Any CPU.ActiveCfg = Release|Any CPU
		{1B2E4E50-9220-4D29-B768-6C2C4B6561DB}.Ad-Hoc|Any CPU.Build.0 = Release|Any CPU
		{1B2E4E50-9220-4D29-B768-6C2C4B6561DB}.Ad-Hoc|iPhone.ActiveCfg = Release|Any CPU
		{1B2E4E50-9220-4D29-B768-6C2C4B6561DB}.Ad-Hoc|iPhone.Build.0 = Release|Any CPU
		{1B2E4E50-9220-4D29-B768-6C2C4B6561DB}.Ad-Hoc|iPhoneSimulator.ActiveCfg = Release|Any CPU
		{1B2E4E50-9220-4D29-B768-6C2C4B6561DB}.Ad-Hoc|iPhoneSimulator.Build.0 = Release|Any CPU
		{1B2E4E50-9220-4D29-B768-6C2C4B6561DB}.Ad-Hoc|x86.ActiveCfg = Release|x86
		{1B2E4E50-9220-4D29-B768-6C2C4B6561DB}.Ad-Hoc|x86.Build.0 = Release|x86
		{1B2E4E50-9220-4D29-B768-6C2C4B6561DB}.AppStore|Any CPU.ActiveCfg = Release|Any CPU
		{1B2E4E50-9220-4D29-B768-6C2C4B6561DB}.AppStore|Any CPU.Build.0 = Release|Any CPU
		{1B2E4E50-9220-4D29-B768-6C2C4B6561DB}.AppStore|iPhone.ActiveCfg = Release|Any CPU
		{1B2E4E50-9220-4D29-B768-6C2C4B6561DB}.AppStore|iPhone.Build.0 = Release|Any CPU
		{1B2E4E50-9220-4D29-B768-6C2C4B6561DB}.AppStore|iPhoneSimulator.ActiveCfg = Release|Any CPU
		{1B2E4E50-9220-4D29-B768-6C2C4B6561DB}.AppStore|iPhoneSimulator.Build.0 = Release|Any CPU
		{1B2E4E50-9220-4D29-B768-6C2C4B6561DB}.AppStore|x86.ActiveCfg = Release|x86
		{1B2E4E50-9220-4D29-B768-6C2C4B6561DB}.AppStore|x86.Build.0 = Release|x86
		{1B2E4E50-9220-4D29-B768-6C2C4B6561DB}.Debug|Any CPU.ActiveCfg = Debug|Any CPU
		{1B2E4E50-9220-4D29-B768-6C2C4B6561DB}.Debug|Any CPU.Build.0 = Debug|Any CPU
		{1B2E4E50-9220-4D29-B768-6C2C4B6561DB}.Debug|iPhone.ActiveCfg = Debug|Any CPU
		{1B2E4E50-9220-4D29-B768-6C2C4B6561DB}.Debug|iPhone.Build.0 = Debug|Any CPU
		{1B2E4E50-9220-4D29-B768-6C2C4B6561DB}.Debug|iPhoneSimulator.ActiveCfg = Debug|Any CPU
		{1B2E4E50-9220-4D29-B768-6C2C4B6561DB}.Debug|iPhoneSimulator.Build.0 = Debug|Any CPU
		{1B2E4E50-9220-4D29-B768-6C2C4B6561DB}.Debug|x86.ActiveCfg = Debug|x86
		{1B2E4E50-9220-4D29-B768-6C2C4B6561DB}.Debug|x86.Build.0 = Debug|x86
		{1B2E4E50-9220-4D29-B768-6C2C4B6561DB}.Release|Any CPU.ActiveCfg = Release|x86
		{1B2E4E50-9220-4D29-B768-6C2C4B6561DB}.Release|iPhone.ActiveCfg = Release|Any CPU
		{1B2E4E50-9220-4D29-B768-6C2C4B6561DB}.Release|iPhone.Build.0 = Release|Any CPU
		{1B2E4E50-9220-4D29-B768-6C2C4B6561DB}.Release|iPhoneSimulator.ActiveCfg = Release|Any CPU
		{1B2E4E50-9220-4D29-B768-6C2C4B6561DB}.Release|iPhoneSimulator.Build.0 = Release|Any CPU
		{1B2E4E50-9220-4D29-B768-6C2C4B6561DB}.Release|x86.ActiveCfg = Release|x86
		{1B2E4E50-9220-4D29-B768-6C2C4B6561DB}.Release|x86.Build.0 = Release|x86
		{BBEFDFE1-9A80-4619-B93B-8EF810CCBF79}.Ad-Hoc|Any CPU.ActiveCfg = Release|Any CPU
		{BBEFDFE1-9A80-4619-B93B-8EF810CCBF79}.Ad-Hoc|Any CPU.Build.0 = Release|Any CPU
		{BBEFDFE1-9A80-4619-B93B-8EF810CCBF79}.Ad-Hoc|Any CPU.Deploy.0 = Release|Any CPU
		{BBEFDFE1-9A80-4619-B93B-8EF810CCBF79}.Ad-Hoc|iPhone.ActiveCfg = Release|Any CPU
		{BBEFDFE1-9A80-4619-B93B-8EF810CCBF79}.Ad-Hoc|iPhone.Build.0 = Release|Any CPU
		{BBEFDFE1-9A80-4619-B93B-8EF810CCBF79}.Ad-Hoc|iPhone.Deploy.0 = Release|Any CPU
		{BBEFDFE1-9A80-4619-B93B-8EF810CCBF79}.Ad-Hoc|iPhoneSimulator.ActiveCfg = Release|Any CPU
		{BBEFDFE1-9A80-4619-B93B-8EF810CCBF79}.Ad-Hoc|iPhoneSimulator.Build.0 = Release|Any CPU
		{BBEFDFE1-9A80-4619-B93B-8EF810CCBF79}.Ad-Hoc|iPhoneSimulator.Deploy.0 = Release|Any CPU
		{BBEFDFE1-9A80-4619-B93B-8EF810CCBF79}.Ad-Hoc|x86.ActiveCfg = Release|Any CPU
		{BBEFDFE1-9A80-4619-B93B-8EF810CCBF79}.Ad-Hoc|x86.Build.0 = Release|Any CPU
		{BBEFDFE1-9A80-4619-B93B-8EF810CCBF79}.Ad-Hoc|x86.Deploy.0 = Release|Any CPU
		{BBEFDFE1-9A80-4619-B93B-8EF810CCBF79}.AppStore|Any CPU.ActiveCfg = Release|Any CPU
		{BBEFDFE1-9A80-4619-B93B-8EF810CCBF79}.AppStore|Any CPU.Build.0 = Release|Any CPU
		{BBEFDFE1-9A80-4619-B93B-8EF810CCBF79}.AppStore|Any CPU.Deploy.0 = Release|Any CPU
		{BBEFDFE1-9A80-4619-B93B-8EF810CCBF79}.AppStore|iPhone.ActiveCfg = Release|Any CPU
		{BBEFDFE1-9A80-4619-B93B-8EF810CCBF79}.AppStore|iPhone.Build.0 = Release|Any CPU
		{BBEFDFE1-9A80-4619-B93B-8EF810CCBF79}.AppStore|iPhone.Deploy.0 = Release|Any CPU
		{BBEFDFE1-9A80-4619-B93B-8EF810CCBF79}.AppStore|iPhoneSimulator.ActiveCfg = Release|Any CPU
		{BBEFDFE1-9A80-4619-B93B-8EF810CCBF79}.AppStore|iPhoneSimulator.Build.0 = Release|Any CPU
		{BBEFDFE1-9A80-4619-B93B-8EF810CCBF79}.AppStore|iPhoneSimulator.Deploy.0 = Release|Any CPU
		{BBEFDFE1-9A80-4619-B93B-8EF810CCBF79}.AppStore|x86.ActiveCfg = Release|Any CPU
		{BBEFDFE1-9A80-4619-B93B-8EF810CCBF79}.AppStore|x86.Build.0 = Release|Any CPU
		{BBEFDFE1-9A80-4619-B93B-8EF810CCBF79}.AppStore|x86.Deploy.0 = Release|Any CPU
		{BBEFDFE1-9A80-4619-B93B-8EF810CCBF79}.Debug|Any CPU.ActiveCfg = Debug|Any CPU
		{BBEFDFE1-9A80-4619-B93B-8EF810CCBF79}.Debug|Any CPU.Build.0 = Debug|Any CPU
		{BBEFDFE1-9A80-4619-B93B-8EF810CCBF79}.Debug|Any CPU.Deploy.0 = Debug|Any CPU
		{BBEFDFE1-9A80-4619-B93B-8EF810CCBF79}.Debug|iPhone.ActiveCfg = Debug|Any CPU
		{BBEFDFE1-9A80-4619-B93B-8EF810CCBF79}.Debug|iPhone.Build.0 = Debug|Any CPU
		{BBEFDFE1-9A80-4619-B93B-8EF810CCBF79}.Debug|iPhone.Deploy.0 = Debug|Any CPU
		{BBEFDFE1-9A80-4619-B93B-8EF810CCBF79}.Debug|iPhoneSimulator.ActiveCfg = Debug|Any CPU
		{BBEFDFE1-9A80-4619-B93B-8EF810CCBF79}.Debug|iPhoneSimulator.Build.0 = Debug|Any CPU
		{BBEFDFE1-9A80-4619-B93B-8EF810CCBF79}.Debug|iPhoneSimulator.Deploy.0 = Debug|Any CPU
		{BBEFDFE1-9A80-4619-B93B-8EF810CCBF79}.Debug|x86.ActiveCfg = Debug|Any CPU
		{BBEFDFE1-9A80-4619-B93B-8EF810CCBF79}.Debug|x86.Build.0 = Debug|Any CPU
		{BBEFDFE1-9A80-4619-B93B-8EF810CCBF79}.Debug|x86.Deploy.0 = Debug|Any CPU
		{BBEFDFE1-9A80-4619-B93B-8EF810CCBF79}.Release|Any CPU.ActiveCfg = Release|Any CPU
		{BBEFDFE1-9A80-4619-B93B-8EF810CCBF79}.Release|Any CPU.Build.0 = Release|Any CPU
		{BBEFDFE1-9A80-4619-B93B-8EF810CCBF79}.Release|Any CPU.Deploy.0 = Release|Any CPU
		{BBEFDFE1-9A80-4619-B93B-8EF810CCBF79}.Release|iPhone.ActiveCfg = Release|Any CPU
		{BBEFDFE1-9A80-4619-B93B-8EF810CCBF79}.Release|iPhone.Build.0 = Release|Any CPU
		{BBEFDFE1-9A80-4619-B93B-8EF810CCBF79}.Release|iPhone.Deploy.0 = Release|Any CPU
		{BBEFDFE1-9A80-4619-B93B-8EF810CCBF79}.Release|iPhoneSimulator.ActiveCfg = Release|Any CPU
		{BBEFDFE1-9A80-4619-B93B-8EF810CCBF79}.Release|iPhoneSimulator.Build.0 = Release|Any CPU
		{BBEFDFE1-9A80-4619-B93B-8EF810CCBF79}.Release|iPhoneSimulator.Deploy.0 = Release|Any CPU
		{BBEFDFE1-9A80-4619-B93B-8EF810CCBF79}.Release|x86.ActiveCfg = Release|Any CPU
		{BBEFDFE1-9A80-4619-B93B-8EF810CCBF79}.Release|x86.Build.0 = Release|Any CPU
		{BBEFDFE1-9A80-4619-B93B-8EF810CCBF79}.Release|x86.Deploy.0 = Release|Any CPU
		{F611E58D-4320-4839-B5E3-4040C41D4ABC}.Ad-Hoc|Any CPU.ActiveCfg = Ad-Hoc|iPhone
		{F611E58D-4320-4839-B5E3-4040C41D4ABC}.Ad-Hoc|iPhone.ActiveCfg = Ad-Hoc|iPhone
		{F611E58D-4320-4839-B5E3-4040C41D4ABC}.Ad-Hoc|iPhone.Build.0 = Ad-Hoc|iPhone
		{F611E58D-4320-4839-B5E3-4040C41D4ABC}.Ad-Hoc|iPhoneSimulator.ActiveCfg = Ad-Hoc|iPhoneSimulator
		{F611E58D-4320-4839-B5E3-4040C41D4ABC}.Ad-Hoc|iPhoneSimulator.Build.0 = Ad-Hoc|iPhoneSimulator
		{F611E58D-4320-4839-B5E3-4040C41D4ABC}.Ad-Hoc|x86.ActiveCfg = Ad-Hoc|iPhone
		{F611E58D-4320-4839-B5E3-4040C41D4ABC}.AppStore|Any CPU.ActiveCfg = AppStore|iPhone
		{F611E58D-4320-4839-B5E3-4040C41D4ABC}.AppStore|iPhone.ActiveCfg = AppStore|iPhone
		{F611E58D-4320-4839-B5E3-4040C41D4ABC}.AppStore|iPhone.Build.0 = AppStore|iPhone
		{F611E58D-4320-4839-B5E3-4040C41D4ABC}.AppStore|iPhoneSimulator.ActiveCfg = AppStore|iPhoneSimulator
		{F611E58D-4320-4839-B5E3-4040C41D4ABC}.AppStore|iPhoneSimulator.Build.0 = AppStore|iPhoneSimulator
		{F611E58D-4320-4839-B5E3-4040C41D4ABC}.AppStore|x86.ActiveCfg = AppStore|iPhone
		{F611E58D-4320-4839-B5E3-4040C41D4ABC}.Debug|Any CPU.ActiveCfg = Debug|iPhone
		{F611E58D-4320-4839-B5E3-4040C41D4ABC}.Debug|iPhone.ActiveCfg = Debug|iPhone
		{F611E58D-4320-4839-B5E3-4040C41D4ABC}.Debug|iPhone.Build.0 = Debug|iPhone
		{F611E58D-4320-4839-B5E3-4040C41D4ABC}.Debug|iPhoneSimulator.ActiveCfg = Debug|iPhoneSimulator
		{F611E58D-4320-4839-B5E3-4040C41D4ABC}.Debug|iPhoneSimulator.Build.0 = Debug|iPhoneSimulator
		{F611E58D-4320-4839-B5E3-4040C41D4ABC}.Debug|x86.ActiveCfg = Debug|iPhone
		{F611E58D-4320-4839-B5E3-4040C41D4ABC}.Release|Any CPU.ActiveCfg = Release|iPhone
		{F611E58D-4320-4839-B5E3-4040C41D4ABC}.Release|iPhone.ActiveCfg = Release|iPhone
		{F611E58D-4320-4839-B5E3-4040C41D4ABC}.Release|iPhone.Build.0 = Release|iPhone
		{F611E58D-4320-4839-B5E3-4040C41D4ABC}.Release|iPhoneSimulator.ActiveCfg = Release|iPhoneSimulator
		{F611E58D-4320-4839-B5E3-4040C41D4ABC}.Release|iPhoneSimulator.Build.0 = Release|iPhoneSimulator
		{F611E58D-4320-4839-B5E3-4040C41D4ABC}.Release|x86.ActiveCfg = Release|iPhone
	EndGlobalSection
	GlobalSection(SolutionProperties) = preSolution
		HideSolutionNode = FALSE
	EndGlobalSection
	GlobalSection(ExtensibilityGlobals) = postSolution
		SolutionGuid = {35ACDF4E-2CE2-46B1-A19F-35DC131069A1}
	EndGlobalSection
	GlobalSection(MonoDevelopProperties) = preSolution
		StartupItem = Myra.UIEditor\Myra.UIEditor.csproj
	EndGlobalSection
EndGlobal
